// !$*UTF8*$!
{
	archiveVersion = 1;
	classes = {
	};
	objectVersion = 48;
	objects = {

/* Begin PBXBuildFile section */
		1809B6D91FD9CCD50059A27E /* LoginViewController.swift in Sources */ = {isa = PBXBuildFile; fileRef = 1809B6D81FD9CCD50059A27E /* LoginViewController.swift */; };
		1816E4631FCD7FD30082D39C /* AppDelegate.swift in Sources */ = {isa = PBXBuildFile; fileRef = 1816E4621FCD7FD30082D39C /* AppDelegate.swift */; };
		1816E4651FCD7FD30082D39C /* TabBarViewController.swift in Sources */ = {isa = PBXBuildFile; fileRef = 1816E4641FCD7FD30082D39C /* TabBarViewController.swift */; };
		1816E4681FCD7FD30082D39C /* Main.storyboard in Resources */ = {isa = PBXBuildFile; fileRef = 1816E4661FCD7FD30082D39C /* Main.storyboard */; };
		1816E46A1FCD7FD30082D39C /* Assets.xcassets in Resources */ = {isa = PBXBuildFile; fileRef = 1816E4691FCD7FD30082D39C /* Assets.xcassets */; };
		1816E46D1FCD7FD30082D39C /* LaunchScreen.storyboard in Resources */ = {isa = PBXBuildFile; fileRef = 1816E46B1FCD7FD30082D39C /* LaunchScreen.storyboard */; };
		1816E4761FCDAF120082D39C /* SearchViewController.swift in Sources */ = {isa = PBXBuildFile; fileRef = 1816E4751FCDAF120082D39C /* SearchViewController.swift */; };
		1816E4781FCDAF5F0082D39C /* PropertiesViewController.swift in Sources */ = {isa = PBXBuildFile; fileRef = 1816E4771FCDAF5F0082D39C /* PropertiesViewController.swift */; };
		1816E47A1FCDAF770082D39C /* ProfileViewController.swift in Sources */ = {isa = PBXBuildFile; fileRef = 1816E4791FCDAF770082D39C /* ProfileViewController.swift */; };
		1816E47C1FCDAFB90082D39C /* TransactionsViewController.swift in Sources */ = {isa = PBXBuildFile; fileRef = 1816E47B1FCDAFB90082D39C /* TransactionsViewController.swift */; };
		1829865A1FD09E290041A489 /* PerformNewTransactionViewController.swift in Sources */ = {isa = PBXBuildFile; fileRef = 182986591FD09E290041A489 /* PerformNewTransactionViewController.swift */; };
		1829865C1FD0A23C0041A489 /* TransactionTypeViewController.swift in Sources */ = {isa = PBXBuildFile; fileRef = 1829865B1FD0A23C0041A489 /* TransactionTypeViewController.swift */; };
		18E1D44E1FCF22FE008C6ADB /* MarketPlaceViewController.swift in Sources */ = {isa = PBXBuildFile; fileRef = 18E1D44D1FCF22FE008C6ADB /* MarketPlaceViewController.swift */; };
		18E1D4501FCF422D008C6ADB /* PropertyDetailsViewController.swift in Sources */ = {isa = PBXBuildFile; fileRef = 18E1D44F1FCF422D008C6ADB /* PropertyDetailsViewController.swift */; };
		18E1D4521FCF4294008C6ADB /* TransactionDetailsViewController.swift in Sources */ = {isa = PBXBuildFile; fileRef = 18E1D4511FCF4294008C6ADB /* TransactionDetailsViewController.swift */; };
		18F4603A1FD045E4005FB34E /* Property.swift in Sources */ = {isa = PBXBuildFile; fileRef = 18F460391FD045E4005FB34E /* Property.swift */; };
		18F4603C1FD0474A005FB34E /* Person.swift in Sources */ = {isa = PBXBuildFile; fileRef = 18F4603B1FD0474A005FB34E /* Person.swift */; };
		18F4603E1FD04831005FB34E /* Address.swift in Sources */ = {isa = PBXBuildFile; fileRef = 18F4603D1FD04831005FB34E /* Address.swift */; };
		18F460451FD06197005FB34E /* RESTApiManager.swift in Sources */ = {isa = PBXBuildFile; fileRef = 18F460441FD06197005FB34E /* RESTApiManager.swift */; };
		18F460471FD07944005FB34E /* JSONReader.swift in Sources */ = {isa = PBXBuildFile; fileRef = 18F460461FD07943005FB34E /* JSONReader.swift */; };
/* End PBXBuildFile section */

/* Begin PBXFileReference section */
		1809B6D81FD9CCD50059A27E /* LoginViewController.swift */ = {isa = PBXFileReference; lastKnownFileType = sourcecode.swift; path = LoginViewController.swift; sourceTree = "<group>"; };
		1816E45F1FCD7FD30082D39C /* landlock.app */ = {isa = PBXFileReference; explicitFileType = wrapper.application; includeInIndex = 0; path = landlock.app; sourceTree = BUILT_PRODUCTS_DIR; };
		1816E4621FCD7FD30082D39C /* AppDelegate.swift */ = {isa = PBXFileReference; lastKnownFileType = sourcecode.swift; path = AppDelegate.swift; sourceTree = "<group>"; };
		1816E4641FCD7FD30082D39C /* TabBarViewController.swift */ = {isa = PBXFileReference; lastKnownFileType = sourcecode.swift; path = TabBarViewController.swift; sourceTree = "<group>"; };
		1816E4671FCD7FD30082D39C /* Base */ = {isa = PBXFileReference; lastKnownFileType = file.storyboard; name = Base; path = Base.lproj/Main.storyboard; sourceTree = "<group>"; };
		1816E4691FCD7FD30082D39C /* Assets.xcassets */ = {isa = PBXFileReference; lastKnownFileType = folder.assetcatalog; path = Assets.xcassets; sourceTree = "<group>"; };
		1816E46C1FCD7FD30082D39C /* Base */ = {isa = PBXFileReference; lastKnownFileType = file.storyboard; name = Base; path = Base.lproj/LaunchScreen.storyboard; sourceTree = "<group>"; };
		1816E46E1FCD7FD30082D39C /* Info.plist */ = {isa = PBXFileReference; lastKnownFileType = text.plist.xml; path = Info.plist; sourceTree = "<group>"; };
		1816E4751FCDAF120082D39C /* SearchViewController.swift */ = {isa = PBXFileReference; lastKnownFileType = sourcecode.swift; path = SearchViewController.swift; sourceTree = "<group>"; };
		1816E4771FCDAF5F0082D39C /* PropertiesViewController.swift */ = {isa = PBXFileReference; lastKnownFileType = sourcecode.swift; path = PropertiesViewController.swift; sourceTree = "<group>"; };
		1816E4791FCDAF770082D39C /* ProfileViewController.swift */ = {isa = PBXFileReference; lastKnownFileType = sourcecode.swift; path = ProfileViewController.swift; sourceTree = "<group>"; };
		1816E47B1FCDAFB90082D39C /* TransactionsViewController.swift */ = {isa = PBXFileReference; lastKnownFileType = sourcecode.swift; path = TransactionsViewController.swift; sourceTree = "<group>"; };
		182986591FD09E290041A489 /* PerformNewTransactionViewController.swift */ = {isa = PBXFileReference; lastKnownFileType = sourcecode.swift; path = PerformNewTransactionViewController.swift; sourceTree = "<group>"; };
		1829865B1FD0A23C0041A489 /* TransactionTypeViewController.swift */ = {isa = PBXFileReference; lastKnownFileType = sourcecode.swift; path = TransactionTypeViewController.swift; sourceTree = "<group>"; };
		18E1D44D1FCF22FE008C6ADB /* MarketPlaceViewController.swift */ = {isa = PBXFileReference; lastKnownFileType = sourcecode.swift; path = MarketPlaceViewController.swift; sourceTree = "<group>"; };
		18E1D44F1FCF422D008C6ADB /* PropertyDetailsViewController.swift */ = {isa = PBXFileReference; lastKnownFileType = sourcecode.swift; path = PropertyDetailsViewController.swift; sourceTree = "<group>"; };
		18E1D4511FCF4294008C6ADB /* TransactionDetailsViewController.swift */ = {isa = PBXFileReference; lastKnownFileType = sourcecode.swift; path = TransactionDetailsViewController.swift; sourceTree = "<group>"; };
		18F460391FD045E4005FB34E /* Property.swift */ = {isa = PBXFileReference; lastKnownFileType = sourcecode.swift; path = Property.swift; sourceTree = "<group>"; };
		18F4603B1FD0474A005FB34E /* Person.swift */ = {isa = PBXFileReference; lastKnownFileType = sourcecode.swift; path = Person.swift; sourceTree = "<group>"; };
		18F4603D1FD04831005FB34E /* Address.swift */ = {isa = PBXFileReference; lastKnownFileType = sourcecode.swift; path = Address.swift; sourceTree = "<group>"; };
		18F460441FD06197005FB34E /* RESTApiManager.swift */ = {isa = PBXFileReference; lastKnownFileType = sourcecode.swift; path = RESTApiManager.swift; sourceTree = "<group>"; };
		18F460461FD07943005FB34E /* JSONReader.swift */ = {isa = PBXFileReference; lastKnownFileType = sourcecode.swift; path = JSONReader.swift; sourceTree = "<group>"; };
/* End PBXFileReference section */

/* Begin PBXFrameworksBuildPhase section */
		1816E45C1FCD7FD30082D39C /* Frameworks */ = {
			isa = PBXFrameworksBuildPhase;
			buildActionMask = 2147483647;
			files = (
			);
			runOnlyForDeploymentPostprocessing = 0;
		};
/* End PBXFrameworksBuildPhase section */

/* Begin PBXGroup section */
		1816E4561FCD7FD20082D39C = {
			isa = PBXGroup;
			children = (
				1816E4611FCD7FD30082D39C /* landlock */,
				1816E4601FCD7FD30082D39C /* Products */,
			);
			sourceTree = "<group>";
		};
		1816E4601FCD7FD30082D39C /* Products */ = {
			isa = PBXGroup;
			children = (
				1816E45F1FCD7FD30082D39C /* landlock.app */,
			);
			name = Products;
			sourceTree = "<group>";
		};
		1816E4611FCD7FD30082D39C /* landlock */ = {
			isa = PBXGroup;
			children = (
				18F4603F1FD054FA005FB34E /* API */,
				18F460371FD045C5005FB34E /* Models */,
				1816E4741FCDAEEC0082D39C /* Controllers */,
				1816E4621FCD7FD30082D39C /* AppDelegate.swift */,
				1816E4641FCD7FD30082D39C /* TabBarViewController.swift */,
				1816E4661FCD7FD30082D39C /* Main.storyboard */,
				1816E4691FCD7FD30082D39C /* Assets.xcassets */,
				1816E46B1FCD7FD30082D39C /* LaunchScreen.storyboard */,
				1816E46E1FCD7FD30082D39C /* Info.plist */,
			);
			path = landlock;
			sourceTree = "<group>";
		};
		1816E4741FCDAEEC0082D39C /* Controllers */ = {
			isa = PBXGroup;
			children = (
				1816E4751FCDAF120082D39C /* SearchViewController.swift */,
				1816E4771FCDAF5F0082D39C /* PropertiesViewController.swift */,
				1816E4791FCDAF770082D39C /* ProfileViewController.swift */,
				1816E47B1FCDAFB90082D39C /* TransactionsViewController.swift */,
				18E1D44D1FCF22FE008C6ADB /* MarketPlaceViewController.swift */,
				18E1D44F1FCF422D008C6ADB /* PropertyDetailsViewController.swift */,
				18E1D4511FCF4294008C6ADB /* TransactionDetailsViewController.swift */,
				182986591FD09E290041A489 /* PerformNewTransactionViewController.swift */,
				1829865B1FD0A23C0041A489 /* TransactionTypeViewController.swift */,
				1809B6D81FD9CCD50059A27E /* LoginViewController.swift */,
			);
			path = Controllers;
			sourceTree = "<group>";
		};
		18F460371FD045C5005FB34E /* Models */ = {
			isa = PBXGroup;
			children = (
				18F460391FD045E4005FB34E /* Property.swift */,
				18F4603B1FD0474A005FB34E /* Person.swift */,
				18F4603D1FD04831005FB34E /* Address.swift */,
			);
			path = Models;
			sourceTree = "<group>";
		};
		18F4603F1FD054FA005FB34E /* API */ = {
			isa = PBXGroup;
			children = (
				18F460441FD06197005FB34E /* RESTApiManager.swift */,
				18F460461FD07943005FB34E /* JSONReader.swift */,
			);
			path = API;
			sourceTree = "<group>";
		};
/* End PBXGroup section */

/* Begin PBXNativeTarget section */
		1816E45E1FCD7FD30082D39C /* landlock */ = {
			isa = PBXNativeTarget;
			buildConfigurationList = 1816E4711FCD7FD30082D39C /* Build configuration list for PBXNativeTarget "landlock" */;
			buildPhases = (
				1816E45B1FCD7FD30082D39C /* Sources */,
				1816E45C1FCD7FD30082D39C /* Frameworks */,
				1816E45D1FCD7FD30082D39C /* Resources */,
			);
			buildRules = (
			);
			dependencies = (
			);
			name = landlock;
			productName = landlock;
			productReference = 1816E45F1FCD7FD30082D39C /* landlock.app */;
			productType = "com.apple.product-type.application";
		};
/* End PBXNativeTarget section */

/* Begin PBXProject section */
		1816E4571FCD7FD20082D39C /* Project object */ = {
			isa = PBXProject;
			attributes = {
				LastSwiftUpdateCheck = 0910;
				LastUpgradeCheck = 0910;
				ORGANIZATIONNAME = "Tewodros Wondimu";
				TargetAttributes = {
					1816E45E1FCD7FD30082D39C = {
						CreatedOnToolsVersion = 9.1;
						ProvisioningStyle = Automatic;
					};
				};
			};
			buildConfigurationList = 1816E45A1FCD7FD30082D39C /* Build configuration list for PBXProject "landlock" */;
			compatibilityVersion = "Xcode 8.0";
			developmentRegion = en;
			hasScannedForEncodings = 0;
			knownRegions = (
				en,
				Base,
			);
			mainGroup = 1816E4561FCD7FD20082D39C;
			productRefGroup = 1816E4601FCD7FD30082D39C /* Products */;
			projectDirPath = "";
			projectRoot = "";
			targets = (
				1816E45E1FCD7FD30082D39C /* landlock */,
			);
		};
/* End PBXProject section */

/* Begin PBXResourcesBuildPhase section */
		1816E45D1FCD7FD30082D39C /* Resources */ = {
			isa = PBXResourcesBuildPhase;
			buildActionMask = 2147483647;
			files = (
				1816E46D1FCD7FD30082D39C /* LaunchScreen.storyboard in Resources */,
				1816E46A1FCD7FD30082D39C /* Assets.xcassets in Resources */,
				1816E4681FCD7FD30082D39C /* Main.storyboard in Resources */,
			);
			runOnlyForDeploymentPostprocessing = 0;
		};
/* End PBXResourcesBuildPhase section */

/* Begin PBXSourcesBuildPhase section */
		1816E45B1FCD7FD30082D39C /* Sources */ = {
			isa = PBXSourcesBuildPhase;
			buildActionMask = 2147483647;
			files = (
				18F4603A1FD045E4005FB34E /* Property.swift in Sources */,
				18E1D4501FCF422D008C6ADB /* PropertyDetailsViewController.swift in Sources */,
				1829865C1FD0A23C0041A489 /* TransactionTypeViewController.swift in Sources */,
				18E1D4521FCF4294008C6ADB /* TransactionDetailsViewController.swift in Sources */,
				1816E4651FCD7FD30082D39C /* TabBarViewController.swift in Sources */,
				18F460471FD07944005FB34E /* JSONReader.swift in Sources */,
				18F4603C1FD0474A005FB34E /* Person.swift in Sources */,
				18E1D44E1FCF22FE008C6ADB /* MarketPlaceViewController.swift in Sources */,
				18F4603E1FD04831005FB34E /* Address.swift in Sources */,
				1816E4781FCDAF5F0082D39C /* PropertiesViewController.swift in Sources */,
				1816E47C1FCDAFB90082D39C /* TransactionsViewController.swift in Sources */,
				18F460451FD06197005FB34E /* RESTApiManager.swift in Sources */,
				1816E47A1FCDAF770082D39C /* ProfileViewController.swift in Sources */,
				1809B6D91FD9CCD50059A27E /* LoginViewController.swift in Sources */,
				1816E4631FCD7FD30082D39C /* AppDelegate.swift in Sources */,
				1829865A1FD09E290041A489 /* PerformNewTransactionViewController.swift in Sources */,
				1816E4761FCDAF120082D39C /* SearchViewController.swift in Sources */,
			);
			runOnlyForDeploymentPostprocessing = 0;
		};
/* End PBXSourcesBuildPhase section */

/* Begin PBXVariantGroup section */
		1816E4661FCD7FD30082D39C /* Main.storyboard */ = {
			isa = PBXVariantGroup;
			children = (
				1816E4671FCD7FD30082D39C /* Base */,
			);
			name = Main.storyboard;
			sourceTree = "<group>";
		};
		1816E46B1FCD7FD30082D39C /* LaunchScreen.storyboard */ = {
			isa = PBXVariantGroup;
			children = (
				1816E46C1FCD7FD30082D39C /* Base */,
			);
			name = LaunchScreen.storyboard;
			sourceTree = "<group>";
		};
/* End PBXVariantGroup section */

/* Begin XCBuildConfiguration section */
		1816E46F1FCD7FD30082D39C /* Debug */ = {
			isa = XCBuildConfiguration;
			buildSettings = {
				ALWAYS_SEARCH_USER_PATHS = NO;
				CLANG_ANALYZER_NONNULL = YES;
				CLANG_ANALYZER_NUMBER_OBJECT_CONVERSION = YES_AGGRESSIVE;
				CLANG_CXX_LANGUAGE_STANDARD = "gnu++14";
				CLANG_CXX_LIBRARY = "libc++";
				CLANG_ENABLE_MODULES = YES;
				CLANG_ENABLE_OBJC_ARC = YES;
				CLANG_WARN_BLOCK_CAPTURE_AUTORELEASING = YES;
				CLANG_WARN_BOOL_CONVERSION = YES;
				CLANG_WARN_COMMA = YES;
				CLANG_WARN_CONSTANT_CONVERSION = YES;
				CLANG_WARN_DIRECT_OBJC_ISA_USAGE = YES_ERROR;
				CLANG_WARN_DOCUMENTATION_COMMENTS = YES;
				CLANG_WARN_EMPTY_BODY = YES;
				CLANG_WARN_ENUM_CONVERSION = YES;
				CLANG_WARN_INFINITE_RECURSION = YES;
				CLANG_WARN_INT_CONVERSION = YES;
				CLANG_WARN_NON_LITERAL_NULL_CONVERSION = YES;
				CLANG_WARN_OBJC_LITERAL_CONVERSION = YES;
				CLANG_WARN_OBJC_ROOT_CLASS = YES_ERROR;
				CLANG_WARN_RANGE_LOOP_ANALYSIS = YES;
				CLANG_WARN_STRICT_PROTOTYPES = YES;
				CLANG_WARN_SUSPICIOUS_MOVE = YES;
				CLANG_WARN_UNGUARDED_AVAILABILITY = YES_AGGRESSIVE;
				CLANG_WARN_UNREACHABLE_CODE = YES;
				CLANG_WARN__DUPLICATE_METHOD_MATCH = YES;
				CODE_SIGN_IDENTITY = "iPhone Developer";
				COPY_PHASE_STRIP = NO;
				DEBUG_INFORMATION_FORMAT = dwarf;
				ENABLE_STRICT_OBJC_MSGSEND = YES;
				ENABLE_TESTABILITY = YES;
				GCC_C_LANGUAGE_STANDARD = gnu11;
				GCC_DYNAMIC_NO_PIC = NO;
				GCC_NO_COMMON_BLOCKS = YES;
				GCC_OPTIMIZATION_LEVEL = 0;
				GCC_PREPROCESSOR_DEFINITIONS = (
					"DEBUG=1",
					"$(inherited)",
				);
				GCC_WARN_64_TO_32_BIT_CONVERSION = YES;
				GCC_WARN_ABOUT_RETURN_TYPE = YES_ERROR;
				GCC_WARN_UNDECLARED_SELECTOR = YES;
				GCC_WARN_UNINITIALIZED_AUTOS = YES_AGGRESSIVE;
				GCC_WARN_UNUSED_FUNCTION = YES;
				GCC_WARN_UNUSED_VARIABLE = YES;
				IPHONEOS_DEPLOYMENT_TARGET = 11.1;
				MTL_ENABLE_DEBUG_INFO = YES;
				ONLY_ACTIVE_ARCH = YES;
				SDKROOT = iphoneos;
				SWIFT_ACTIVE_COMPILATION_CONDITIONS = DEBUG;
				SWIFT_OPTIMIZATION_LEVEL = "-Onone";
			};
			name = Debug;
		};
		1816E4701FCD7FD30082D39C /* Release */ = {
			isa = XCBuildConfiguration;
			buildSettings = {
				ALWAYS_SEARCH_USER_PATHS = NO;
				CLANG_ANALYZER_NONNULL = YES;
				CLANG_ANALYZER_NUMBER_OBJECT_CONVERSION = YES_AGGRESSIVE;
				CLANG_CXX_LANGUAGE_STANDARD = "gnu++14";
				CLANG_CXX_LIBRARY = "libc++";
				CLANG_ENABLE_MODULES = YES;
				CLANG_ENABLE_OBJC_ARC = YES;
				CLANG_WARN_BLOCK_CAPTURE_AUTORELEASING = YES;
				CLANG_WARN_BOOL_CONVERSION = YES;
				CLANG_WARN_COMMA = YES;
				CLANG_WARN_CONSTANT_CONVERSION = YES;
				CLANG_WARN_DIRECT_OBJC_ISA_USAGE = YES_ERROR;
				CLANG_WARN_DOCUMENTATION_COMMENTS = YES;
				CLANG_WARN_EMPTY_BODY = YES;
				CLANG_WARN_ENUM_CONVERSION = YES;
				CLANG_WARN_INFINITE_RECURSION = YES;
				CLANG_WARN_INT_CONVERSION = YES;
				CLANG_WARN_NON_LITERAL_NULL_CONVERSION = YES;
				CLANG_WARN_OBJC_LITERAL_CONVERSION = YES;
				CLANG_WARN_OBJC_ROOT_CLASS = YES_ERROR;
				CLANG_WARN_RANGE_LOOP_ANALYSIS = YES;
				CLANG_WARN_STRICT_PROTOTYPES = YES;
				CLANG_WARN_SUSPICIOUS_MOVE = YES;
				CLANG_WARN_UNGUARDED_AVAILABILITY = YES_AGGRESSIVE;
				CLANG_WARN_UNREACHABLE_CODE = YES;
				CLANG_WARN__DUPLICATE_METHOD_MATCH = YES;
				CODE_SIGN_IDENTITY = "iPhone Developer";
				COPY_PHASE_STRIP = NO;
				DEBUG_INFORMATION_FORMAT = "dwarf-with-dsym";
				ENABLE_NS_ASSERTIONS = NO;
				ENABLE_STRICT_OBJC_MSGSEND = YES;
				GCC_C_LANGUAGE_STANDARD = gnu11;
				GCC_NO_COMMON_BLOCKS = YES;
				GCC_WARN_64_TO_32_BIT_CONVERSION = YES;
				GCC_WARN_ABOUT_RETURN_TYPE = YES_ERROR;
				GCC_WARN_UNDECLARED_SELECTOR = YES;
				GCC_WARN_UNINITIALIZED_AUTOS = YES_AGGRESSIVE;
				GCC_WARN_UNUSED_FUNCTION = YES;
				GCC_WARN_UNUSED_VARIABLE = YES;
				IPHONEOS_DEPLOYMENT_TARGET = 11.1;
				MTL_ENABLE_DEBUG_INFO = NO;
				SDKROOT = iphoneos;
				SWIFT_OPTIMIZATION_LEVEL = "-Owholemodule";
				VALIDATE_PRODUCT = YES;
			};
			name = Release;
		};
		1816E4721FCD7FD30082D39C /* Debug */ = {
			isa = XCBuildConfiguration;
			buildSettings = {
				ASSETCATALOG_COMPILER_APPICON_NAME = AppIcon;
				CODE_SIGN_STYLE = Automatic;
				DEVELOPMENT_TEAM = B336RKK32A;
				INFOPLIST_FILE = landlock/Info.plist;
				IPHONEOS_DEPLOYMENT_TARGET = 10.3;
				LD_RUNPATH_SEARCH_PATHS = "$(inherited) @executable_path/Frameworks";
				PRODUCT_BUNDLE_IDENTIFIER = com.tewodroswondimu.landlock;
				PRODUCT_NAME = "$(TARGET_NAME)";
				SWIFT_VERSION = 4.0;
				TARGETED_DEVICE_FAMILY = "1,2";
			};
			name = Debug;
		};
		1816E4731FCD7FD30082D39C /* Release */ = {
			isa = XCBuildConfiguration;
			buildSettings = {
				ASSETCATALOG_COMPILER_APPICON_NAME = AppIcon;
				CODE_SIGN_STYLE = Automatic;
				DEVELOPMENT_TEAM = B336RKK32A;
				INFOPLIST_FILE = landlock/Info.plist;
				IPHONEOS_DEPLOYMENT_TARGET = 10.3;
				LD_RUNPATH_SEARCH_PATHS = "$(inherited) @executable_path/Frameworks";
				PRODUCT_BUNDLE_IDENTIFIER = com.tewodroswondimu.landlock;
				PRODUCT_NAME = "$(TARGET_NAME)";
				SWIFT_VERSION = 4.0;
				TARGETED_DEVICE_FAMILY = "1,2";
			};
			name = Release;
		};
/* End XCBuildConfiguration section */

/* Begin XCConfigurationList section */
		1816E45A1FCD7FD30082D39C /* Build configuration list for PBXProject "landlock" */ = {
			isa = XCConfigurationList;
			buildConfigurations = (
				1816E46F1FCD7FD30082D39C /* Debug */,
				1816E4701FCD7FD30082D39C /* Release */,
			);
			defaultConfigurationIsVisible = 0;
			defaultConfigurationName = Release;
		};
		1816E4711FCD7FD30082D39C /* Build configuration list for PBXNativeTarget "landlock" */ = {
			isa = XCConfigurationList;
			buildConfigurations = (
				1816E4721FCD7FD30082D39C /* Debug */,
				1816E4731FCD7FD30082D39C /* Release */,
			);
			defaultConfigurationIsVisible = 0;
			defaultConfigurationName = Release;
		};
/* End XCConfigurationList section */
	};
	rootObject = 1816E4571FCD7FD20082D39C /* Project object */;
}
